
Microsoft Visual Studio Solution File, Format Version 12.00
# Visual Studio Version 17
VisualStudioVersion = 17.5.002.0
MinimumVisualStudioVersion = 10.0.40219.1
Project("{9A19103F-16F7-4668-BE54-9A1E7A4F7556}") = "testconsole", "testconsole.csproj", "{5B8745A6-2F23-412D-931D-A570CE621D9E}"
EndProject
Project("{FAE04EC0-301F-11D3-BF4B-00C04F79EFBC}") = "console.test", "console.test\console.test.csproj", "{B2ED4AFD-6446-4DB1-A32F-1C01D88C5630}"
EndProject
Global
	GlobalSection(SolutionConfigurationPlatforms) = preSolution
		Debug|Any CPU = Debug|Any CPU
		Release|Any CPU = Release|Any CPU
	EndGlobalSection
	GlobalSection(ProjectConfigurationPlatforms) = postSolution
		{5B8745A6-2F23-412D-931D-A570CE621D9E}.Debug|Any CPU.ActiveCfg = Debug|Any CPU
		{5B8745A6-2F23-412D-931D-A570CE621D9E}.Debug|Any CPU.Build.0 = Debug|Any CPU
		{5B8745A6-2F23-412D-931D-A570CE621D9E}.Release|Any CPU.ActiveCfg = Release|Any CPU
		{5B8745A6-2F23-412D-931D-A570CE621D9E}.Release|Any CPU.Build.0 = Release|Any CPU
		{B2ED4AFD-6446-4DB1-A32F-1C01D88C5630}.Debug|Any CPU.ActiveCfg = Debug|Any CPU
		{B2ED4AFD-6446-4DB1-A32F-1C01D88C5630}.Debug|Any CPU.Build.0 = Debug|Any CPU
		{B2ED4AFD-6446-4DB1-A32F-1C01D88C5630}.Release|Any CPU.ActiveCfg = Release|Any CPU
		{B2ED4AFD-6446-4DB1-A32F-1C01D88C5630}.Release|Any CPU.Build.0 = Release|Any CPU
	EndGlobalSection
	GlobalSection(SolutionProperties) = preSolution
		HideSolutionNode = FALSE
	EndGlobalSection
	GlobalSection(ExtensibilityGlobals) = postSolution
		SolutionGuid = {7F6CDCBD-B8D3-488C-B17B-C4CF3C1D14B8}
	EndGlobalSection
EndGlobal
